
Microsoft Visual Studio Solution File, Format Version 12.00
# Visual Studio Version 17
VisualStudioVersion = 17.10.35027.167
MinimumVisualStudioVersion = 10.0.40219.1
Project("{9A19103F-16F7-4668-BE54-9A1E7A4F7556}") = "StandardFizzBuzzProgram", "EasyChallenge\StandardFizzBuzzProgram.csproj", "{A484C3AA-FA11-4FB0-941D-B0EFE7D79356}"
EndProject
Project("{FAE04EC0-301F-11D3-BF4B-00C04F79EFBC}") = "FizzBuzzSolver.Tests", "GenerateFizzBuzzToken.Tests\FizzBuzzSolver.Tests.csproj", "{98580C66-409E-4298-AF91-B47F24DEB849}"
EndProject
Project("{FAE04EC0-301F-11D3-BF4B-00C04F79EFBC}") = "FizzBuzzSolver", "FizzBuzzSolver\FizzBuzzSolver.csproj", "{6C35A9FD-9D8C-4069-8232-1E3B78E2818F}"
EndProject
Project("{FAE04EC0-301F-11D3-BF4B-00C04F79EFBC}") = "TwistedFizzBuzzProgram", "TwistedFizzBuzzProgram\TwistedFizzBuzzProgram.csproj", "{F0EE8A3D-4C76-4D98-BF4C-6D778A8CE26E}"
EndProject
Global
	GlobalSection(SolutionConfigurationPlatforms) = preSolution
		Debug|Any CPU = Debug|Any CPU
		Release|Any CPU = Release|Any CPU
	EndGlobalSection
	GlobalSection(ProjectConfigurationPlatforms) = postSolution
		{A484C3AA-FA11-4FB0-941D-B0EFE7D79356}.Debug|Any CPU.ActiveCfg = Debug|Any CPU
		{A484C3AA-FA11-4FB0-941D-B0EFE7D79356}.Debug|Any CPU.Build.0 = Debug|Any CPU
		{A484C3AA-FA11-4FB0-941D-B0EFE7D79356}.Release|Any CPU.ActiveCfg = Release|Any CPU
		{A484C3AA-FA11-4FB0-941D-B0EFE7D79356}.Release|Any CPU.Build.0 = Release|Any CPU
		{98580C66-409E-4298-AF91-B47F24DEB849}.Debug|Any CPU.ActiveCfg = Debug|Any CPU
		{98580C66-409E-4298-AF91-B47F24DEB849}.Debug|Any CPU.Build.0 = Debug|Any CPU
		{98580C66-409E-4298-AF91-B47F24DEB849}.Release|Any CPU.ActiveCfg = Release|Any CPU
		{98580C66-409E-4298-AF91-B47F24DEB849}.Release|Any CPU.Build.0 = Release|Any CPU
		{6C35A9FD-9D8C-4069-8232-1E3B78E2818F}.Debug|Any CPU.ActiveCfg = Debug|Any CPU
		{6C35A9FD-9D8C-4069-8232-1E3B78E2818F}.Debug|Any CPU.Build.0 = Debug|Any CPU
		{6C35A9FD-9D8C-4069-8232-1E3B78E2818F}.Release|Any CPU.ActiveCfg = Release|Any CPU
		{6C35A9FD-9D8C-4069-8232-1E3B78E2818F}.Release|Any CPU.Build.0 = Release|Any CPU
		{F0EE8A3D-4C76-4D98-BF4C-6D778A8CE26E}.Debug|Any CPU.ActiveCfg = Debug|Any CPU
		{F0EE8A3D-4C76-4D98-BF4C-6D778A8CE26E}.Debug|Any CPU.Build.0 = Debug|Any CPU
		{F0EE8A3D-4C76-4D98-BF4C-6D778A8CE26E}.Release|Any CPU.ActiveCfg = Release|Any CPU
		{F0EE8A3D-4C76-4D98-BF4C-6D778A8CE26E}.Release|Any CPU.Build.0 = Release|Any CPU
	EndGlobalSection
	GlobalSection(SolutionProperties) = preSolution
		HideSolutionNode = FALSE
	EndGlobalSection
	GlobalSection(ExtensibilityGlobals) = postSolution
		SolutionGuid = {266A7BD5-629A-4D8A-BEF1-8D544B354335}
	EndGlobalSection
EndGlobal
